<Solution>
  <Project Path="KitchenServer.AppHost/KitchenServer.AppHost.csproj" />
  <Project Path="KitchenServer.McpContract/KitchenServer.McpContract.csproj" />
  <Project Path="KitchenServer.ServiceDefaults/KitchenServer.ServiceDefaults.csproj" />
  <Project Path="KitchenServer.Web/KitchenServer.Web.csproj" />
  <Project Path="KitchenServer.Tests/KitchenServer.Tests.csproj" />
</Solution>
